{
    "hash": "1766e3261ba2f07d1bca1a926d0b878a",
    "packages": [
        {
            "name": "glit/resque",
            "version": "dev-master",
            "source": {
                "type": "git",
                "url": "https://github.com/glit/php-resque.git",
                "reference": "d677b0558d27e0c0405c3a54ce73b39db50b136f"
            },
            "dist": {
                "type": "zip",
                "url": "https://api.github.com/repos/glit/php-resque/zipball/d677b0558d27e0c0405c3a54ce73b39db50b136f",
                "reference": "d677b0558d27e0c0405c3a54ce73b39db50b136f",
                "shasum": ""
            },
            "type": "symfony-bundle",
            "autoload": {
                "psr-0": {
                    "Resque": "lib"
                }
            },
            "notification-url": "http://packagist.org/downloads/",
            "license": [
                "MIT"
            ],
            "authors": [
                {
                    "name": "William POTTIER",
                    "email": "wpottier@allprogrammic.com"
                }
            ],
            "description": "PHP port of the ruby resque library. And some enhancement to delegate instanciation of job (usefull to work with the Symfony2 DIC for exemple). ",
            "keywords": [
                "resque"
            ],
            "time": "2012-07-04 15:33:47"
        },
        {
            "name": "webignition/absolute-url-deriver",
            "version": "dev-master",
            "source": {
                "type": "git",
                "url": "https://github.com/webignition/absolute-url-deriver",
                "reference": "d84d6f74fe55429d4e19f7ede4d81fd3090738cc"
            },
            "dist": {
                "type": "zip",
                "url": "https://github.com/webignition/absolute-url-deriver/zipball/d84d6f74fe55429d4e19f7ede4d81fd3090738cc",
                "reference": "d84d6f74fe55429d4e19f7ede4d81fd3090738cc",
                "shasum": ""
            },
            "require": {
                "php": ">=5.3.0",
                "webignition/url": ">=1.1"
            },
            "type": "library",
            "autoload": {
                "psr-0": {
                    "": "src/"
                }
            },
            "license": [
                "MIT"
            ],
            "authors": [
                {
                    "name": "Jon Cram",
                    "email": "jon@webignition.net",
                    "homepage": null,
                    "role": null
                }
            ],
            "description": "Derives an absolute URL from relative and source URLs",
            "homepage": "https://github.com/webignition/absolute-url-deriver",
            "keywords": [
                "absolute",
                "url"
            ],
            "time": "2012-07-26 23:07:45"
        },
        {
            "name": "webignition/http-client",
            "version": "dev-master",
            "source": {
                "type": "git",
                "url": "https://github.com/webignition/http-client.git",
                "reference": "1.3"
            },
            "dist": {
                "type": "zip",
                "url": "https://api.github.com/repos/webignition/http-client/zipball/1.3",
                "reference": "1.3",
                "shasum": ""
            },
            "require": {
                "ext-http": "*",
                "php": ">=5.3.0",
                "webignition/absolute-url-deriver": ">=1.1",
                "webignition/url": ">1.0"
            },
            "type": "library",
            "autoload": {
                "psr-0": {
                    "": "src/"
                }
            },
            "notification-url": "http://packagist.org/downloads/",
            "license": [
                "MIT"
            ],
            "authors": [
                {
                    "name": "Jon Cram",
                    "email": "jon@webignition.net"
                }
            ],
            "description": "HTTP Client with additional reliability over regular HTTP request sending to compensate for timeouts and redirects",
            "homepage": "https://github.com/webignition/http-client",
            "keywords": [
                "client",
                "http"
            ],
            "time": "2013-02-18 15:05:56"
        },
        {
            "name": "webignition/url",
            "version": "dev-master",
            "source": {
                "type": "git",
                "url": "https://github.com/webignition/url.git",
                "reference": "1.7"
            },
            "dist": {
                "type": "zip",
                "url": "https://api.github.com/repos/webignition/url/zipball/1.7",
                "reference": "1.7",
                "shasum": ""
            },
            "require": {
                "ext-intl": "*",
                "php": ">=5.3.0"
            },
            "type": "library",
            "autoload": {
                "psr-0": {
                    "": "src/"
                }
            },
            "notification-url": "http://packagist.org/downloads/",
            "license": [
                "MIT"
            ],
            "authors": [
                {
                    "name": "Jon Cram",
                    "email": "jon@webignition.net"
                }
            ],
            "description": "Represents a URL, a library to be used in many other places. Applies semantically-lossless normalisation for comparisons.",
            "homepage": "https://github.com/webignition/url",
            "keywords": [
                "url"
            ],
            "time": "2013-01-18 12:56:59"
        }
    ],
    "packages-dev": null,
    "aliases": [

    ],
    "minimum-stability": "dev",
    "stability-flags": {
        "glit/resque": 20
    }
}
